
Microsoft Visual Studio Solution File, Format Version 12.00
# Visual Studio Version 17
VisualStudioVersion = 17.3.32922.545
MinimumVisualStudioVersion = 10.0.40219.1
Project("{9A19103F-16F7-4668-BE54-9A1E7A4F7556}") = "FutureFridges", "FutureFridges.csproj", "{0EC23A01-FE9D-4F46-83B0-339D9EF777C2}"
EndProject
Project("{FAE04EC0-301F-11D3-BF4B-00C04F79EFBC}") = "FutureFridgesTest", "FutureFridgesTest\FutureFridgesTest.csproj", "{531DCAE4-173B-4442-B6DC-B5D0A46F21DE}"
EndProject
Global
	GlobalSection(SolutionConfigurationPlatforms) = preSolution
		Debug|Any CPU = Debug|Any CPU
		Release|Any CPU = Release|Any CPU
	EndGlobalSection
	GlobalSection(ProjectConfigurationPlatforms) = postSolution
		{0EC23A01-FE9D-4F46-83B0-339D9EF777C2}.Debug|Any CPU.ActiveCfg = Debug|Any CPU
		{0EC23A01-FE9D-4F46-83B0-339D9EF777C2}.Debug|Any CPU.Build.0 = Debug|Any CPU
		{0EC23A01-FE9D-4F46-83B0-339D9EF777C2}.Release|Any CPU.ActiveCfg = Release|Any CPU
		{0EC23A01-FE9D-4F46-83B0-339D9EF777C2}.Release|Any CPU.Build.0 = Release|Any CPU
		{531DCAE4-173B-4442-B6DC-B5D0A46F21DE}.Debug|Any CPU.ActiveCfg = Debug|Any CPU
		{531DCAE4-173B-4442-B6DC-B5D0A46F21DE}.Debug|Any CPU.Build.0 = Debug|Any CPU
		{531DCAE4-173B-4442-B6DC-B5D0A46F21DE}.Release|Any CPU.ActiveCfg = Release|Any CPU
		{531DCAE4-173B-4442-B6DC-B5D0A46F21DE}.Release|Any CPU.Build.0 = Release|Any CPU
	EndGlobalSection
	GlobalSection(SolutionProperties) = preSolution
		HideSolutionNode = FALSE
	EndGlobalSection
	GlobalSection(ExtensibilityGlobals) = postSolution
		SolutionGuid = {9A5B22CA-4CD2-454C-9958-096C70A9900B}
	EndGlobalSection
EndGlobal
